
Microsoft Visual Studio Solution File, Format Version 12.00
# Visual Studio Version 16
VisualStudioVersion = 16.0.33214.272
MinimumVisualStudioVersion = 10.0.40219.1
Project("{FAE04EC0-301F-11D3-BF4B-00C04F79EFBC}") = "OverwriteExistingCreatedOnDate", "OverwriteExistingCreatedOnDate\OverwriteExistingCreatedOnDate.csproj", "{B75AF7C5-D0C2-4BE0-B2E8-9AB0174EEAB0}"
EndProject
Global
	GlobalSection(SolutionConfigurationPlatforms) = preSolution
		Debug|Any CPU = Debug|Any CPU
		Release|Any CPU = Release|Any CPU
	EndGlobalSection
	GlobalSection(ProjectConfigurationPlatforms) = postSolution
		{B75AF7C5-D0C2-4BE0-B2E8-9AB0174EEAB0}.Debug|Any CPU.ActiveCfg = Debug|Any CPU
		{B75AF7C5-D0C2-4BE0-B2E8-9AB0174EEAB0}.Debug|Any CPU.Build.0 = Debug|Any CPU
		{B75AF7C5-D0C2-4BE0-B2E8-9AB0174EEAB0}.Release|Any CPU.ActiveCfg = Release|Any CPU
		{B75AF7C5-D0C2-4BE0-B2E8-9AB0174EEAB0}.Release|Any CPU.Build.0 = Release|Any CPU
	EndGlobalSection
	GlobalSection(SolutionProperties) = preSolution
		HideSolutionNode = FALSE
	EndGlobalSection
	GlobalSection(ExtensibilityGlobals) = postSolution
		SolutionGuid = {19461D5F-DE2B-4089-AA01-D92207776CEA}
	EndGlobalSection
EndGlobal
